
Microsoft Visual Studio Solution File, Format Version 12.00
# Visual Studio 15
VisualStudioVersion = 15.0.27130.2024
MinimumVisualStudioVersion = 10.0.40219.1
Project("{FAE04EC0-301F-11D3-BF4B-00C04F79EFBC}") = "AssiPart2", "AssiPart2\AssiPart2.csproj", "{C1217E2E-F495-4EE9-AD1F-C53FDD9265F4}"
EndProject
Project("{FAE04EC0-301F-11D3-BF4B-00C04F79EFBC}") = "AssiPart2.Tests", "AssiPart2.Tests\AssiPart2.Tests.csproj", "{7B7FB39D-DDA6-424D-9883-C7A549B90C3E}"
EndProject
Global
	GlobalSection(SolutionConfigurationPlatforms) = preSolution
		Debug|Any CPU = Debug|Any CPU
		Release|Any CPU = Release|Any CPU
	EndGlobalSection
	GlobalSection(ProjectConfigurationPlatforms) = postSolution
		{C1217E2E-F495-4EE9-AD1F-C53FDD9265F4}.Debug|Any CPU.ActiveCfg = Debug|Any CPU
		{C1217E2E-F495-4EE9-AD1F-C53FDD9265F4}.Debug|Any CPU.Build.0 = Debug|Any CPU
		{C1217E2E-F495-4EE9-AD1F-C53FDD9265F4}.Release|Any CPU.ActiveCfg = Release|Any CPU
		{C1217E2E-F495-4EE9-AD1F-C53FDD9265F4}.Release|Any CPU.Build.0 = Release|Any CPU
		{7B7FB39D-DDA6-424D-9883-C7A549B90C3E}.Debug|Any CPU.ActiveCfg = Debug|Any CPU
		{7B7FB39D-DDA6-424D-9883-C7A549B90C3E}.Debug|Any CPU.Build.0 = Debug|Any CPU
		{7B7FB39D-DDA6-424D-9883-C7A549B90C3E}.Release|Any CPU.ActiveCfg = Release|Any CPU
		{7B7FB39D-DDA6-424D-9883-C7A549B90C3E}.Release|Any CPU.Build.0 = Release|Any CPU
	EndGlobalSection
	GlobalSection(SolutionProperties) = preSolution
		HideSolutionNode = FALSE
	EndGlobalSection
	GlobalSection(ExtensibilityGlobals) = postSolution
		SolutionGuid = {4DF67394-83DB-4E37-B44C-0281010DCC01}
	EndGlobalSection
EndGlobal
